// !$*UTF8*$!
{
	archiveVersion = 1;
	classes = {
	};
	objectVersion = 46;
	objects = {

/* Begin PBXBuildFile section */
		5FD94F521E97766E008C83FF /* AppDelegate.swift in Sources */ = {isa = PBXBuildFile; fileRef = 5FD94F511E97766E008C83FF /* AppDelegate.swift */; };
		5FD94F541E97766E008C83FF /* ViewController.swift in Sources */ = {isa = PBXBuildFile; fileRef = 5FD94F531E97766E008C83FF /* ViewController.swift */; };
		5FD94F571E97766E008C83FF /* Main.storyboard in Resources */ = {isa = PBXBuildFile; fileRef = 5FD94F551E97766E008C83FF /* Main.storyboard */; };
		5FD94F591E97766E008C83FF /* Assets.xcassets in Resources */ = {isa = PBXBuildFile; fileRef = 5FD94F581E97766E008C83FF /* Assets.xcassets */; };
		5FD94F5C1E97766E008C83FF /* LaunchScreen.storyboard in Resources */ = {isa = PBXBuildFile; fileRef = 5FD94F5A1E97766E008C83FF /* LaunchScreen.storyboard */; };
		5FD94F671E97766E008C83FF /* sampleEditViewTests.swift in Sources */ = {isa = PBXBuildFile; fileRef = 5FD94F661E97766E008C83FF /* sampleEditViewTests.swift */; };
		5FD94F721E97766E008C83FF /* sampleEditViewUITests.swift in Sources */ = {isa = PBXBuildFile; fileRef = 5FD94F711E97766E008C83FF /* sampleEditViewUITests.swift */; };
/* End PBXBuildFile section */

/* Begin PBXContainerItemProxy section */
		5FD94F631E97766E008C83FF /* PBXContainerItemProxy */ = {
			isa = PBXContainerItemProxy;
			containerPortal = 5FD94F461E97766E008C83FF /* Project object */;
			proxyType = 1;
			remoteGlobalIDString = 5FD94F4D1E97766E008C83FF;
			remoteInfo = sampleEditView;
		};
		5FD94F6E1E97766E008C83FF /* PBXContainerItemProxy */ = {
			isa = PBXContainerItemProxy;
			containerPortal = 5FD94F461E97766E008C83FF /* Project object */;
			proxyType = 1;
			remoteGlobalIDString = 5FD94F4D1E97766E008C83FF;
			remoteInfo = sampleEditView;
		};
/* End PBXContainerItemProxy section */

/* Begin PBXFileReference section */
		5FD94F4E1E97766E008C83FF /* sampleEditView.app */ = {isa = PBXFileReference; explicitFileType = wrapper.application; includeInIndex = 0; path = sampleEditView.app; sourceTree = BUILT_PRODUCTS_DIR; };
		5FD94F511E97766E008C83FF /* AppDelegate.swift */ = {isa = PBXFileReference; lastKnownFileType = sourcecode.swift; path = AppDelegate.swift; sourceTree = "<group>"; };
		5FD94F531E97766E008C83FF /* ViewController.swift */ = {isa = PBXFileReference; lastKnownFileType = sourcecode.swift; path = ViewController.swift; sourceTree = "<group>"; };
		5FD94F561E97766E008C83FF /* Base */ = {isa = PBXFileReference; lastKnownFileType = file.storyboard; name = Base; path = Base.lproj/Main.storyboard; sourceTree = "<group>"; };
		5FD94F581E97766E008C83FF /* Assets.xcassets */ = {isa = PBXFileReference; lastKnownFileType = folder.assetcatalog; path = Assets.xcassets; sourceTree = "<group>"; };
		5FD94F5B1E97766E008C83FF /* Base */ = {isa = PBXFileReference; lastKnownFileType = file.storyboard; name = Base; path = Base.lproj/LaunchScreen.storyboard; sourceTree = "<group>"; };
		5FD94F5D1E97766E008C83FF /* Info.plist */ = {isa = PBXFileReference; lastKnownFileType = text.plist.xml; path = Info.plist; sourceTree = "<group>"; };
		5FD94F621E97766E008C83FF /* sampleEditViewTests.xctest */ = {isa = PBXFileReference; explicitFileType = wrapper.cfbundle; includeInIndex = 0; path = sampleEditViewTests.xctest; sourceTree = BUILT_PRODUCTS_DIR; };
		5FD94F661E97766E008C83FF /* sampleEditViewTests.swift */ = {isa = PBXFileReference; lastKnownFileType = sourcecode.swift; path = sampleEditViewTests.swift; sourceTree = "<group>"; };
		5FD94F681E97766E008C83FF /* Info.plist */ = {isa = PBXFileReference; lastKnownFileType = text.plist.xml; path = Info.plist; sourceTree = "<group>"; };
		5FD94F6D1E97766E008C83FF /* sampleEditViewUITests.xctest */ = {isa = PBXFileReference; explicitFileType = wrapper.cfbundle; includeInIndex = 0; path = sampleEditViewUITests.xctest; sourceTree = BUILT_PRODUCTS_DIR; };
		5FD94F711E97766E008C83FF /* sampleEditViewUITests.swift */ = {isa = PBXFileReference; lastKnownFileType = sourcecode.swift; path = sampleEditViewUITests.swift; sourceTree = "<group>"; };
		5FD94F731E97766E008C83FF /* Info.plist */ = {isa = PBXFileReference; lastKnownFileType = text.plist.xml; path = Info.plist; sourceTree = "<group>"; };
/* End PBXFileReference section */

/* Begin PBXFrameworksBuildPhase section */
		5FD94F4B1E97766E008C83FF /* Frameworks */ = {
			isa = PBXFrameworksBuildPhase;
			buildActionMask = 2147483647;
			files = (
			);
			runOnlyForDeploymentPostprocessing = 0;
		};
		5FD94F5F1E97766E008C83FF /* Frameworks */ = {
			isa = PBXFrameworksBuildPhase;
			buildActionMask = 2147483647;
			files = (
			);
			runOnlyForDeploymentPostprocessing = 0;
		};
		5FD94F6A1E97766E008C83FF /* Frameworks */ = {
			isa = PBXFrameworksBuildPhase;
			buildActionMask = 2147483647;
			files = (
			);
			runOnlyForDeploymentPostprocessing = 0;
		};
/* End PBXFrameworksBuildPhase section */

/* Begin PBXGroup section */
		5FD94F451E97766E008C83FF = {
			isa = PBXGroup;
			children = (
				5FD94F501E97766E008C83FF /* sampleEditView */,
				5FD94F651E97766E008C83FF /* sampleEditViewTests */,
				5FD94F701E97766E008C83FF /* sampleEditViewUITests */,
				5FD94F4F1E97766E008C83FF /* Products */,
			);
			sourceTree = "<group>";
		};
		5FD94F4F1E97766E008C83FF /* Products */ = {
			isa = PBXGroup;
			children = (
				5FD94F4E1E97766E008C83FF /* sampleEditView.app */,
				5FD94F621E97766E008C83FF /* sampleEditViewTests.xctest */,
				5FD94F6D1E97766E008C83FF /* sampleEditViewUITests.xctest */,
			);
			name = Products;
			sourceTree = "<group>";
		};
		5FD94F501E97766E008C83FF /* sampleEditView */ = {
			isa = PBXGroup;
			children = (
				5FD94F511E97766E008C83FF /* AppDelegate.swift */,
				5FD94F531E97766E008C83FF /* ViewController.swift */,
				5FD94F551E97766E008C83FF /* Main.storyboard */,
				5FD94F581E97766E008C83FF /* Assets.xcassets */,
				5FD94F5A1E97766E008C83FF /* LaunchScreen.storyboard */,
				5FD94F5D1E97766E008C83FF /* Info.plist */,
			);
			path = sampleEditView;
			sourceTree = "<group>";
		};
		5FD94F651E97766E008C83FF /* sampleEditViewTests */ = {
			isa = PBXGroup;
			children = (
				5FD94F661E97766E008C83FF /* sampleEditViewTests.swift */,
				5FD94F681E97766E008C83FF /* Info.plist */,
			);
			path = sampleEditViewTests;
			sourceTree = "<group>";
		};
		5FD94F701E97766E008C83FF /* sampleEditViewUITests */ = {
			isa = PBXGroup;
			children = (
				5FD94F711E97766E008C83FF /* sampleEditViewUITests.swift */,
				5FD94F731E97766E008C83FF /* Info.plist */,
			);
			path = sampleEditViewUITests;
			sourceTree = "<group>";
		};
/* End PBXGroup section */

/* Begin PBXNativeTarget section */
		5FD94F4D1E97766E008C83FF /* sampleEditView */ = {
			isa = PBXNativeTarget;
			buildConfigurationList = 5FD94F761E97766E008C83FF /* Build configuration list for PBXNativeTarget "sampleEditView" */;
			buildPhases = (
				5FD94F4A1E97766E008C83FF /* Sources */,
				5FD94F4B1E97766E008C83FF /* Frameworks */,
				5FD94F4C1E97766E008C83FF /* Resources */,
			);
			buildRules = (
			);
			dependencies = (
			);
			name = sampleEditView;
			productName = sampleEditView;
			productReference = 5FD94F4E1E97766E008C83FF /* sampleEditView.app */;
			productType = "com.apple.product-type.application";
		};
		5FD94F611E97766E008C83FF /* sampleEditViewTests */ = {
			isa = PBXNativeTarget;
			buildConfigurationList = 5FD94F791E97766E008C83FF /* Build configuration list for PBXNativeTarget "sampleEditViewTests" */;
			buildPhases = (
				5FD94F5E1E97766E008C83FF /* Sources */,
				5FD94F5F1E97766E008C83FF /* Frameworks */,
				5FD94F601E97766E008C83FF /* Resources */,
			);
			buildRules = (
			);
			dependencies = (
				5FD94F641E97766E008C83FF /* PBXTargetDependency */,
			);
			name = sampleEditViewTests;
			productName = sampleEditViewTests;
			productReference = 5FD94F621E97766E008C83FF /* sampleEditViewTests.xctest */;
			productType = "com.apple.product-type.bundle.unit-test";
		};
		5FD94F6C1E97766E008C83FF /* sampleEditViewUITests */ = {
			isa = PBXNativeTarget;
			buildConfigurationList = 5FD94F7C1E97766E008C83FF /* Build configuration list for PBXNativeTarget "sampleEditViewUITests" */;
			buildPhases = (
				5FD94F691E97766E008C83FF /* Sources */,
				5FD94F6A1E97766E008C83FF /* Frameworks */,
				5FD94F6B1E97766E008C83FF /* Resources */,
			);
			buildRules = (
			);
			dependencies = (
				5FD94F6F1E97766E008C83FF /* PBXTargetDependency */,
			);
			name = sampleEditViewUITests;
			productName = sampleEditViewUITests;
			productReference = 5FD94F6D1E97766E008C83FF /* sampleEditViewUITests.xctest */;
			productType = "com.apple.product-type.bundle.ui-testing";
		};
/* End PBXNativeTarget section */

/* Begin PBXProject section */
		5FD94F461E97766E008C83FF /* Project object */ = {
			isa = PBXProject;
			attributes = {
				LastSwiftUpdateCheck = 0830;
				LastUpgradeCheck = 0830;
				ORGANIZATIONNAME = "Yuki Mitsudome";
				TargetAttributes = {
					5FD94F4D1E97766E008C83FF = {
						CreatedOnToolsVersion = 8.3;
						ProvisioningStyle = Automatic;
					};
					5FD94F611E97766E008C83FF = {
						CreatedOnToolsVersion = 8.3;
						ProvisioningStyle = Automatic;
						TestTargetID = 5FD94F4D1E97766E008C83FF;
					};
					5FD94F6C1E97766E008C83FF = {
						CreatedOnToolsVersion = 8.3;
						ProvisioningStyle = Automatic;
						TestTargetID = 5FD94F4D1E97766E008C83FF;
					};
				};
			};
			buildConfigurationList = 5FD94F491E97766E008C83FF /* Build configuration list for PBXProject "sampleEditView" */;
			compatibilityVersion = "Xcode 3.2";
			developmentRegion = English;
			hasScannedForEncodings = 0;
			knownRegions = (
				en,
				Base,
			);
			mainGroup = 5FD94F451E97766E008C83FF;
			productRefGroup = 5FD94F4F1E97766E008C83FF /* Products */;
			projectDirPath = "";
			projectRoot = "";
			targets = (
				5FD94F4D1E97766E008C83FF /* sampleEditView */,
				5FD94F611E97766E008C83FF /* sampleEditViewTests */,
				5FD94F6C1E97766E008C83FF /* sampleEditViewUITests */,
			);
		};
/* End PBXProject section */

/* Begin PBXResourcesBuildPhase section */
		5FD94F4C1E97766E008C83FF /* Resources */ = {
			isa = PBXResourcesBuildPhase;
			buildActionMask = 2147483647;
			files = (
				5FD94F5C1E97766E008C83FF /* LaunchScreen.storyboard in Resources */,
				5FD94F591E97766E008C83FF /* Assets.xcassets in Resources */,
				5FD94F571E97766E008C83FF /* Main.storyboard in Resources */,
			);
			runOnlyForDeploymentPostprocessing = 0;
		};
		5FD94F601E97766E008C83FF /* Resources */ = {
			isa = PBXResourcesBuildPhase;
			buildActionMask = 2147483647;
			files = (
			);
			runOnlyForDeploymentPostprocessing = 0;
		};
		5FD94F6B1E97766E008C83FF /* Resources */ = {
			isa = PBXResourcesBuildPhase;
			buildActionMask = 2147483647;
			files = (
			);
			runOnlyForDeploymentPostprocessing = 0;
		};
/* End PBXResourcesBuildPhase section */

/* Begin PBXSourcesBuildPhase section */
		5FD94F4A1E97766E008C83FF /* Sources */ = {
			isa = PBXSourcesBuildPhase;
			buildActionMask = 2147483647;
			files = (
				5FD94F541E97766E008C83FF /* ViewController.swift in Sources */,
				5FD94F521E97766E008C83FF /* AppDelegate.swift in Sources */,
			);
			runOnlyForDeploymentPostprocessing = 0;
		};
		5FD94F5E1E97766E008C83FF /* Sources */ = {
			isa = PBXSourcesBuildPhase;
			buildActionMask = 2147483647;
			files = (
				5FD94F671E97766E008C83FF /* sampleEditViewTests.swift in Sources */,
			);
			runOnlyForDeploymentPostprocessing = 0;
		};
		5FD94F691E97766E008C83FF /* Sources */ = {
			isa = PBXSourcesBuildPhase;
			buildActionMask = 2147483647;
			files = (
				5FD94F721E97766E008C83FF /* sampleEditViewUITests.swift in Sources */,
			);
			runOnlyForDeploymentPostprocessing = 0;
		};
/* End PBXSourcesBuildPhase section */

/* Begin PBXTargetDependency section */
		5FD94F641E97766E008C83FF /* PBXTargetDependency */ = {
			isa = PBXTargetDependency;
			target = 5FD94F4D1E97766E008C83FF /* sampleEditView */;
			targetProxy = 5FD94F631E97766E008C83FF /* PBXContainerItemProxy */;
		};
		5FD94F6F1E97766E008C83FF /* PBXTargetDependency */ = {
			isa = PBXTargetDependency;
			target = 5FD94F4D1E97766E008C83FF /* sampleEditView */;
			targetProxy = 5FD94F6E1E97766E008C83FF /* PBXContainerItemProxy */;
		};
/* End PBXTargetDependency section */

/* Begin PBXVariantGroup section */
		5FD94F551E97766E008C83FF /* Main.storyboard */ = {
			isa = PBXVariantGroup;
			children = (
				5FD94F561E97766E008C83FF /* Base */,
			);
			name = Main.storyboard;
			sourceTree = "<group>";
		};
		5FD94F5A1E97766E008C83FF /* LaunchScreen.storyboard */ = {
			isa = PBXVariantGroup;
			children = (
				5FD94F5B1E97766E008C83FF /* Base */,
			);
			name = LaunchScreen.storyboard;
			sourceTree = "<group>";
		};
/* End PBXVariantGroup section */

/* Begin XCBuildConfiguration section */
		5FD94F741E97766E008C83FF /* Debug */ = {
			isa = XCBuildConfiguration;
			buildSettings = {
				ALWAYS_SEARCH_USER_PATHS = NO;
				CLANG_ANALYZER_NONNULL = YES;
				CLANG_ANALYZER_NUMBER_OBJECT_CONVERSION = YES_AGGRESSIVE;
				CLANG_CXX_LANGUAGE_STANDARD = "gnu++0x";
				CLANG_CXX_LIBRARY = "libc++";
				CLANG_ENABLE_MODULES = YES;
				CLANG_ENABLE_OBJC_ARC = YES;
				CLANG_WARN_BOOL_CONVERSION = YES;
				CLANG_WARN_CONSTANT_CONVERSION = YES;
				CLANG_WARN_DIRECT_OBJC_ISA_USAGE = YES_ERROR;
				CLANG_WARN_DOCUMENTATION_COMMENTS = YES;
				CLANG_WARN_EMPTY_BODY = YES;
				CLANG_WARN_ENUM_CONVERSION = YES;
				CLANG_WARN_INFINITE_RECURSION = YES;
				CLANG_WARN_INT_CONVERSION = YES;
				CLANG_WARN_OBJC_ROOT_CLASS = YES_ERROR;
				CLANG_WARN_SUSPICIOUS_MOVE = YES;
				CLANG_WARN_UNREACHABLE_CODE = YES;
				CLANG_WARN__DUPLICATE_METHOD_MATCH = YES;
				"CODE_SIGN_IDENTITY[sdk=iphoneos*]" = "iPhone Developer";
				COPY_PHASE_STRIP = NO;
				DEBUG_INFORMATION_FORMAT = dwarf;
				ENABLE_STRICT_OBJC_MSGSEND = YES;
				ENABLE_TESTABILITY = YES;
				GCC_C_LANGUAGE_STANDARD = gnu99;
				GCC_DYNAMIC_NO_PIC = NO;
				GCC_NO_COMMON_BLOCKS = YES;
				GCC_OPTIMIZATION_LEVEL = 0;
				GCC_PREPROCESSOR_DEFINITIONS = (
					"DEBUG=1",
					"$(inherited)",
				);
				GCC_WARN_64_TO_32_BIT_CONVERSION = YES;
				GCC_WARN_ABOUT_RETURN_TYPE = YES_ERROR;
				GCC_WARN_UNDECLARED_SELECTOR = YES;
				GCC_WARN_UNINITIALIZED_AUTOS = YES_AGGRESSIVE;
				GCC_WARN_UNUSED_FUNCTION = YES;
				GCC_WARN_UNUSED_VARIABLE = YES;
				IPHONEOS_DEPLOYMENT_TARGET = 10.3;
				MTL_ENABLE_DEBUG_INFO = YES;
				ONLY_ACTIVE_ARCH = YES;
				SDKROOT = iphoneos;
				SWIFT_ACTIVE_COMPILATION_CONDITIONS = DEBUG;
				SWIFT_OPTIMIZATION_LEVEL = "-Onone";
				TARGETED_DEVICE_FAMILY = "1,2";
			};
			name = Debug;
		};
		5FD94F751E97766E008C83FF /* Release */ = {
			isa = XCBuildConfiguration;
			buildSettings = {
				ALWAYS_SEARCH_USER_PATHS = NO;
				CLANG_ANALYZER_NONNULL = YES;
				CLANG_ANALYZER_NUMBER_OBJECT_CONVERSION = YES_AGGRESSIVE;
				CLANG_CXX_LANGUAGE_STANDARD = "gnu++0x";
				CLANG_CXX_LIBRARY = "libc++";
				CLANG_ENABLE_MODULES = YES;
				CLANG_ENABLE_OBJC_ARC = YES;
				CLANG_WARN_BOOL_CONVERSION = YES;
				CLANG_WARN_CONSTANT_CONVERSION = YES;
				CLANG_WARN_DIRECT_OBJC_ISA_USAGE = YES_ERROR;
				CLANG_WARN_DOCUMENTATION_COMMENTS = YES;
				CLANG_WARN_EMPTY_BODY = YES;
				CLANG_WARN_ENUM_CONVERSION = YES;
				CLANG_WARN_INFINITE_RECURSION = YES;
				CLANG_WARN_INT_CONVERSION = YES;
				CLANG_WARN_OBJC_ROOT_CLASS = YES_ERROR;
				CLANG_WARN_SUSPICIOUS_MOVE = YES;
				CLANG_WARN_UNREACHABLE_CODE = YES;
				CLANG_WARN__DUPLICATE_METHOD_MATCH = YES;
				"CODE_SIGN_IDENTITY[sdk=iphoneos*]" = "iPhone Developer";
				COPY_PHASE_STRIP = NO;
				DEBUG_INFORMATION_FORMAT = "dwarf-with-dsym";
				ENABLE_NS_ASSERTIONS = NO;
				ENABLE_STRICT_OBJC_MSGSEND = YES;
				GCC_C_LANGUAGE_STANDARD = gnu99;
				GCC_NO_COMMON_BLOCKS = YES;
				GCC_WARN_64_TO_32_BIT_CONVERSION = YES;
				GCC_WARN_ABOUT_RETURN_TYPE = YES_ERROR;
				GCC_WARN_UNDECLARED_SELECTOR = YES;
				GCC_WARN_UNINITIALIZED_AUTOS = YES_AGGRESSIVE;
				GCC_WARN_UNUSED_FUNCTION = YES;
				GCC_WARN_UNUSED_VARIABLE = YES;
				IPHONEOS_DEPLOYMENT_TARGET = 10.3;
				MTL_ENABLE_DEBUG_INFO = NO;
				SDKROOT = iphoneos;
				SWIFT_OPTIMIZATION_LEVEL = "-Owholemodule";
				TARGETED_DEVICE_FAMILY = "1,2";
				VALIDATE_PRODUCT = YES;
			};
			name = Release;
		};
		5FD94F771E97766E008C83FF /* Debug */ = {
			isa = XCBuildConfiguration;
			buildSettings = {
				ASSETCATALOG_COMPILER_APPICON_NAME = AppIcon;
				INFOPLIST_FILE = sampleEditView/Info.plist;
				LD_RUNPATH_SEARCH_PATHS = "$(inherited) @executable_path/Frameworks";
				PRODUCT_BUNDLE_IDENTIFIER = com.yukimitsudome.sampleEditView;
				PRODUCT_NAME = "$(TARGET_NAME)";
				SWIFT_VERSION = 3.0;
			};
			name = Debug;
		};
		5FD94F781E97766E008C83FF /* Release */ = {
			isa = XCBuildConfiguration;
			buildSettings = {
				ASSETCATALOG_COMPILER_APPICON_NAME = AppIcon;
				INFOPLIST_FILE = sampleEditView/Info.plist;
				LD_RUNPATH_SEARCH_PATHS = "$(inherited) @executable_path/Frameworks";
				PRODUCT_BUNDLE_IDENTIFIER = com.yukimitsudome.sampleEditView;
				PRODUCT_NAME = "$(TARGET_NAME)";
				SWIFT_VERSION = 3.0;
			};
			name = Release;
		};
		5FD94F7A1E97766E008C83FF /* Debug */ = {
			isa = XCBuildConfiguration;
			buildSettings = {
				ALWAYS_EMBED_SWIFT_STANDARD_LIBRARIES = YES;
				BUNDLE_LOADER = "$(TEST_HOST)";
				INFOPLIST_FILE = sampleEditViewTests/Info.plist;
				LD_RUNPATH_SEARCH_PATHS = "$(inherited) @executable_path/Frameworks @loader_path/Frameworks";
				PRODUCT_BUNDLE_IDENTIFIER = com.yukimitsudome.sampleEditViewTests;
				PRODUCT_NAME = "$(TARGET_NAME)";
				SWIFT_VERSION = 3.0;
				TEST_HOST = "$(BUILT_PRODUCTS_DIR)/sampleEditView.app/sampleEditView";
			};
			name = Debug;
		};
		5FD94F7B1E97766E008C83FF /* Release */ = {
			isa = XCBuildConfiguration;
			buildSettings = {
				ALWAYS_EMBED_SWIFT_STANDARD_LIBRARIES = YES;
				BUNDLE_LOADER = "$(TEST_HOST)";
				INFOPLIST_FILE = sampleEditViewTests/Info.plist;
				LD_RUNPATH_SEARCH_PATHS = "$(inherited) @executable_path/Frameworks @loader_path/Frameworks";
				PRODUCT_BUNDLE_IDENTIFIER = com.yukimitsudome.sampleEditViewTests;
				PRODUCT_NAME = "$(TARGET_NAME)";
				SWIFT_VERSION = 3.0;
				TEST_HOST = "$(BUILT_PRODUCTS_DIR)/sampleEditView.app/sampleEditView";
			};
			name = Release;
		};
		5FD94F7D1E97766E008C83FF /* Debug */ = {
			isa = XCBuildConfiguration;
			buildSettings = {
				ALWAYS_EMBED_SWIFT_STANDARD_LIBRARIES = YES;
				INFOPLIST_FILE = sampleEditViewUITests/Info.plist;
				LD_RUNPATH_SEARCH_PATHS = "$(inherited) @executable_path/Frameworks @loader_path/Frameworks";
				PRODUCT_BUNDLE_IDENTIFIER = com.yukimitsudome.sampleEditViewUITests;
				PRODUCT_NAME = "$(TARGET_NAME)";
				SWIFT_VERSION = 3.0;
				TEST_TARGET_NAME = sampleEditView;
			};
			name = Debug;
		};
		5FD94F7E1E97766E008C83FF /* Release */ = {
			isa = XCBuildConfiguration;
			buildSettings = {
				ALWAYS_EMBED_SWIFT_STANDARD_LIBRARIES = YES;
				INFOPLIST_FILE = sampleEditViewUITests/Info.plist;
				LD_RUNPATH_SEARCH_PATHS = "$(inherited) @executable_path/Frameworks @loader_path/Frameworks";
				PRODUCT_BUNDLE_IDENTIFIER = com.yukimitsudome.sampleEditViewUITests;
				PRODUCT_NAME = "$(TARGET_NAME)";
				SWIFT_VERSION = 3.0;
				TEST_TARGET_NAME = sampleEditView;
			};
			name = Release;
		};
/* End XCBuildConfiguration section */

/* Begin XCConfigurationList section */
		5FD94F491E97766E008C83FF /* Build configuration list for PBXProject "sampleEditView" */ = {
			isa = XCConfigurationList;
			buildConfigurations = (
				5FD94F741E97766E008C83FF /* Debug */,
				5FD94F751E97766E008C83FF /* Release */,
			);
			defaultConfigurationIsVisible = 0;
			defaultConfigurationName = Release;
		};
		5FD94F761E97766E008C83FF /* Build configuration list for PBXNativeTarget "sampleEditView" */ = {
			isa = XCConfigurationList;
			buildConfigurations = (
				5FD94F771E97766E008C83FF /* Debug */,
				5FD94F781E97766E008C83FF /* Release */,
			);
			defaultConfigurationIsVisible = 0;
		};
		5FD94F791E97766E008C83FF /* Build configuration list for PBXNativeTarget "sampleEditViewTests" */ = {
			isa = XCConfigurationList;
			buildConfigurations = (
				5FD94F7A1E97766E008C83FF /* Debug */,
				5FD94F7B1E97766E008C83FF /* Release */,
			);
			defaultConfigurationIsVisible = 0;
		};
		5FD94F7C1E97766E008C83FF /* Build configuration list for PBXNativeTarget "sampleEditViewUITests" */ = {
			isa = XCConfigurationList;
			buildConfigurations = (
				5FD94F7D1E97766E008C83FF /* Debug */,
				5FD94F7E1E97766E008C83FF /* Release */,
			);
			defaultConfigurationIsVisible = 0;
		};
/* End XCConfigurationList section */
	};
	rootObject = 5FD94F461E97766E008C83FF /* Project object */;
}
